
Microsoft Visual Studio Solution File, Format Version 12.00
# Visual Studio Version 16
VisualStudioVersion = 16.0.30225.117
MinimumVisualStudioVersion = 10.0.40219.1
Project("{FAE04EC0-301F-11D3-BF4B-00C04F79EFBC}") = "MakeAnAdventure", "MakeAnAdventure\MakeAnAdventure.csproj", "{7A1BFD6C-DD37-4BB9-99E6-745D7022612E}"
EndProject
Global
	GlobalSection(SolutionConfigurationPlatforms) = preSolution
		Debug|Any CPU = Debug|Any CPU
		Release|Any CPU = Release|Any CPU
	EndGlobalSection
	GlobalSection(ProjectConfigurationPlatforms) = postSolution
		{7A1BFD6C-DD37-4BB9-99E6-745D7022612E}.Debug|Any CPU.ActiveCfg = Debug|Any CPU
		{7A1BFD6C-DD37-4BB9-99E6-745D7022612E}.Debug|Any CPU.Build.0 = Debug|Any CPU
		{7A1BFD6C-DD37-4BB9-99E6-745D7022612E}.Release|Any CPU.ActiveCfg = Release|Any CPU
		{7A1BFD6C-DD37-4BB9-99E6-745D7022612E}.Release|Any CPU.Build.0 = Release|Any CPU
	EndGlobalSection
	GlobalSection(SolutionProperties) = preSolution
		HideSolutionNode = FALSE
	EndGlobalSection
	GlobalSection(ExtensibilityGlobals) = postSolution
		SolutionGuid = {1E82B4BF-0B86-4F90-AA9E-790DFF3A7402}
	EndGlobalSection
EndGlobal
